Microsoft Visual Studio Solution File, Format Version 12.00
# Visual Studio 15
VisualStudioVersion = 15.0.28010.2041
MinimumVisualStudioVersion = 10.0.40219.1
Project("{FAE04EC0-301F-11D3-BF4B-00C04F79EFBC}") = "Leap Year", "Leap Year\Leap Year.csproj", "{AF706AE5-5C19-49B8-9980-36992D2E2EF9}"
EndProject
Project("{FAE04EC0-301F-11D3-BF4B-00C04F79EFBC}") = "Leap Year Tests", "Leap Year Tests\Leap Year Tests.csproj", "{AC0B8D83-B8C4-40C0-8D5D-3AC396B9ABFF}"
EndProject
Project("{FAE04EC0-301F-11D3-BF4B-00C04F79EFBC}") = "Programming Techniques HW", "Programming Techniques HW\Programming Techniques HW.csproj", "{E7F3AF2F-DA6D-452D-9D98-DD3FD5F56EFC}"
EndProject
Project("{9A19103F-16F7-4668-BE54-9A1E7A4F7556}") = "Biggest Number Out Of 10", "Biggest Number Out Of 10\Biggest Number Out Of 10.csproj", "{DEC049B0-FE19-4AA6-877E-BC3E66D52FB9}"
EndProject
Project("{9A19103F-16F7-4668-BE54-9A1E7A4F7556}") = "Morse Code", "Morse Code\Morse Code.csproj", "{B94A048C-F65D-4CAC-9F37-777C7D5F5B6B}"
EndProject
Project("{FAE04EC0-301F-11D3-BF4B-00C04F79EFBC}") = "Sieve of Eratosthenes", "Sieve of Eratosthenes\Sieve of Eratosthenes.csproj", "{B21A1048-5AE4-4113-AC87-BA2A3F5B440F}"
EndProject
Project("{FAE04EC0-301F-11D3-BF4B-00C04F79EFBC}") = "Strings", "Strings\Strings.csproj", "{DB355C33-B6FB-4BF4-B697-0F2889354680}"
EndProject
Project("{FAE04EC0-301F-11D3-BF4B-00C04F79EFBC}") = "Battleships", "Battleships\Battleships.csproj", "{42512FEB-1694-4B3F-B8B7-F3028E4AD93E}"
EndProject
Global
	GlobalSection(SolutionConfigurationPlatforms) = preSolution
		Debug|Any CPU = Debug|Any CPU
		Release|Any CPU = Release|Any CPU
	EndGlobalSection
	GlobalSection(ProjectConfigurationPlatforms) = postSolution
		{AF706AE5-5C19-49B8-9980-36992D2E2EF9}.Debug|Any CPU.ActiveCfg = Debug|Any CPU
		{AF706AE5-5C19-49B8-9980-36992D2E2EF9}.Debug|Any CPU.Build.0 = Debug|Any CPU
		{AF706AE5-5C19-49B8-9980-36992D2E2EF9}.Release|Any CPU.ActiveCfg = Release|Any CPU
		{AF706AE5-5C19-49B8-9980-36992D2E2EF9}.Release|Any CPU.Build.0 = Release|Any CPU
		{AC0B8D83-B8C4-40C0-8D5D-3AC396B9ABFF}.Debug|Any CPU.ActiveCfg = Debug|Any CPU
		{AC0B8D83-B8C4-40C0-8D5D-3AC396B9ABFF}.Debug|Any CPU.Build.0 = Debug|Any CPU
		{AC0B8D83-B8C4-40C0-8D5D-3AC396B9ABFF}.Release|Any CPU.ActiveCfg = Release|Any CPU
		{AC0B8D83-B8C4-40C0-8D5D-3AC396B9ABFF}.Release|Any CPU.Build.0 = Release|Any CPU
		{E7F3AF2F-DA6D-452D-9D98-DD3FD5F56EFC}.Debug|Any CPU.ActiveCfg = Debug|Any CPU
		{E7F3AF2F-DA6D-452D-9D98-DD3FD5F56EFC}.Debug|Any CPU.Build.0 = Debug|Any CPU
		{E7F3AF2F-DA6D-452D-9D98-DD3FD5F56EFC}.Release|Any CPU.ActiveCfg = Release|Any CPU
		{E7F3AF2F-DA6D-452D-9D98-DD3FD5F56EFC}.Release|Any CPU.Build.0 = Release|Any CPU
		{DEC049B0-FE19-4AA6-877E-BC3E66D52FB9}.Debug|Any CPU.ActiveCfg = Debug|Any CPU
		{DEC049B0-FE19-4AA6-877E-BC3E66D52FB9}.Debug|Any CPU.Build.0 = Debug|Any CPU
		{DEC049B0-FE19-4AA6-877E-BC3E66D52FB9}.Release|Any CPU.ActiveCfg = Release|Any CPU
		{DEC049B0-FE19-4AA6-877E-BC3E66D52FB9}.Release|Any CPU.Build.0 = Release|Any CPU
		{B94A048C-F65D-4CAC-9F37-777C7D5F5B6B}.Debug|Any CPU.ActiveCfg = Debug|Any CPU
		{B94A048C-F65D-4CAC-9F37-777C7D5F5B6B}.Debug|Any CPU.Build.0 = Debug|Any CPU
		{B94A048C-F65D-4CAC-9F37-777C7D5F5B6B}.Release|Any CPU.ActiveCfg = Release|Any CPU
		{B94A048C-F65D-4CAC-9F37-777C7D5F5B6B}.Release|Any CPU.Build.0 = Release|Any CPU
		{B21A1048-5AE4-4113-AC87-BA2A3F5B440F}.Debug|Any CPU.ActiveCfg = Debug|Any CPU
		{B21A1048-5AE4-4113-AC87-BA2A3F5B440F}.Debug|Any CPU.Build.0 = Debug|Any CPU
		{B21A1048-5AE4-4113-AC87-BA2A3F5B440F}.Release|Any CPU.ActiveCfg = Release|Any CPU
		{B21A1048-5AE4-4113-AC87-BA2A3F5B440F}.Release|Any CPU.Build.0 = Release|Any CPU
		{DB355C33-B6FB-4BF4-B697-0F2889354680}.Debug|Any CPU.ActiveCfg = Debug|Any CPU
		{DB355C33-B6FB-4BF4-B697-0F2889354680}.Debug|Any CPU.Build.0 = Debug|Any CPU
		{DB355C33-B6FB-4BF4-B697-0F2889354680}.Release|Any CPU.ActiveCfg = Release|Any CPU
		{DB355C33-B6FB-4BF4-B697-0F2889354680}.Release|Any CPU.Build.0 = Release|Any CPU
		{42512FEB-1694-4B3F-B8B7-F3028E4AD93E}.Debug|Any CPU.ActiveCfg = Debug|Any CPU
		{42512FEB-1694-4B3F-B8B7-F3028E4AD93E}.Debug|Any CPU.Build.0 = Debug|Any CPU
		{42512FEB-1694-4B3F-B8B7-F3028E4AD93E}.Release|Any CPU.ActiveCfg = Release|Any CPU
		{42512FEB-1694-4B3F-B8B7-F3028E4AD93E}.Release|Any CPU.Build.0 = Release|Any CPU
	EndGlobalSection
	GlobalSection(SolutionProperties) = preSolution
		HideSolutionNode = FALSE
	EndGlobalSection
	GlobalSection(ExtensibilityGlobals) = postSolution
		SolutionGuid = {FD228562-D464-45E8-8A14-0F026BB24F05}
	EndGlobalSection
EndGlobal
